
Microsoft Visual Studio Solution File, Format Version 12.00
# Visual Studio Version 16
VisualStudioVersion = 16.0.29020.237
MinimumVisualStudioVersion = 10.0.40219.1
Project("{FAE04EC0-301F-11D3-BF4B-00C04F79EFBC}") = "Csharp_connect_SqlServer", "Csharp_connect_SqlServer\Csharp_connect_SqlServer.csproj", "{3A4A851C-8B74-4A8A-9C90-5B345222DE26}"
EndProject
Global
	GlobalSection(SolutionConfigurationPlatforms) = preSolution
		Debug|Any CPU = Debug|Any CPU
		Release|Any CPU = Release|Any CPU
	EndGlobalSection
	GlobalSection(ProjectConfigurationPlatforms) = postSolution
		{3A4A851C-8B74-4A8A-9C90-5B345222DE26}.Debug|Any CPU.ActiveCfg = Debug|Any CPU
		{3A4A851C-8B74-4A8A-9C90-5B345222DE26}.Debug|Any CPU.Build.0 = Debug|Any CPU
		{3A4A851C-8B74-4A8A-9C90-5B345222DE26}.Release|Any CPU.ActiveCfg = Release|Any CPU
		{3A4A851C-8B74-4A8A-9C90-5B345222DE26}.Release|Any CPU.Build.0 = Release|Any CPU
	EndGlobalSection
	GlobalSection(SolutionProperties) = preSolution
		HideSolutionNode = FALSE
	EndGlobalSection
	GlobalSection(ExtensibilityGlobals) = postSolution
		SolutionGuid = {0399E6A7-125B-401F-A8BC-C5302555164F}
	EndGlobalSection
EndGlobal
